
Microsoft Visual Studio Solution File, Format Version 12.00
# Visual Studio Version 17
VisualStudioVersion = 17.8.34330.188
MinimumVisualStudioVersion = 10.0.40219.1
Project("{FAE04EC0-301F-11D3-BF4B-00C04F79EFBC}") = "01.K_DESIGN_WIN", "01.K_DESIGN_WIN\01.K_DESIGN_WIN.csproj", "{71F6E26D-8061-4E84-97DA-5777776E6D57}"
EndProject
Project("{FAE04EC0-301F-11D3-BF4B-00C04F79EFBC}") = "02.K_CONTROL_WIN", "02.K_CONTROL_WIN\02.K_CONTROL_WIN.csproj", "{5815AF69-7BA4-4078-93C6-1858678AE33E}"
EndProject
Project("{FAE04EC0-301F-11D3-BF4B-00C04F79EFBC}") = "03.Framework", "03.Framework\03.Framework.csproj", "{9573B406-7B9A-4087-8020-45945058F1C7}"
EndProject
Project("{FAE04EC0-301F-11D3-BF4B-00C04F79EFBC}") = "05.Business", "05.Business\05.Business.csproj", "{A973F7FA-F929-4143-99AF-323DD7E502B0}"
EndProject
Global
	GlobalSection(SolutionConfigurationPlatforms) = preSolution
		Debug|Any CPU = Debug|Any CPU
		Release|Any CPU = Release|Any CPU
	EndGlobalSection
	GlobalSection(ProjectConfigurationPlatforms) = postSolution
		{71F6E26D-8061-4E84-97DA-5777776E6D57}.Debug|Any CPU.ActiveCfg = Debug|Any CPU
		{71F6E26D-8061-4E84-97DA-5777776E6D57}.Debug|Any CPU.Build.0 = Debug|Any CPU
		{71F6E26D-8061-4E84-97DA-5777776E6D57}.Release|Any CPU.ActiveCfg = Release|Any CPU
		{71F6E26D-8061-4E84-97DA-5777776E6D57}.Release|Any CPU.Build.0 = Release|Any CPU
		{5815AF69-7BA4-4078-93C6-1858678AE33E}.Debug|Any CPU.ActiveCfg = Debug|Any CPU
		{5815AF69-7BA4-4078-93C6-1858678AE33E}.Debug|Any CPU.Build.0 = Debug|Any CPU
		{5815AF69-7BA4-4078-93C6-1858678AE33E}.Release|Any CPU.ActiveCfg = Release|Any CPU
		{5815AF69-7BA4-4078-93C6-1858678AE33E}.Release|Any CPU.Build.0 = Release|Any CPU
		{9573B406-7B9A-4087-8020-45945058F1C7}.Debug|Any CPU.ActiveCfg = Debug|Any CPU
		{9573B406-7B9A-4087-8020-45945058F1C7}.Debug|Any CPU.Build.0 = Debug|Any CPU
		{9573B406-7B9A-4087-8020-45945058F1C7}.Release|Any CPU.ActiveCfg = Release|Any CPU
		{9573B406-7B9A-4087-8020-45945058F1C7}.Release|Any CPU.Build.0 = Release|Any CPU
		{A973F7FA-F929-4143-99AF-323DD7E502B0}.Debug|Any CPU.ActiveCfg = Debug|Any CPU
		{A973F7FA-F929-4143-99AF-323DD7E502B0}.Debug|Any CPU.Build.0 = Debug|Any CPU
		{A973F7FA-F929-4143-99AF-323DD7E502B0}.Release|Any CPU.ActiveCfg = Release|Any CPU
		{A973F7FA-F929-4143-99AF-323DD7E502B0}.Release|Any CPU.Build.0 = Release|Any CPU
	EndGlobalSection
	GlobalSection(SolutionProperties) = preSolution
		HideSolutionNode = FALSE
	EndGlobalSection
	GlobalSection(ExtensibilityGlobals) = postSolution
		SolutionGuid = {86C2D413-3A26-4224-8404-DAF264A2562D}
	EndGlobalSection
EndGlobal
